# This file is generated by running "yarn install" inside your project.
# Manual changes might be lost - proceed with caution!

__metadata:
  version: 4

"@code-insider-test/app@workspace:packages/app":
  version: 0.0.0-use.local
  resolution: "@code-insider-test/app@workspace:packages/app"
  dependencies:
    "@code-insider-test/lib": "workspace:packages/lib"
  languageName: unknown
  linkType: soft

"@code-insider-test/lib@workspace:packages/lib":
  version: 0.0.0-use.local
  resolution: "@code-insider-test/lib@workspace:packages/lib"
  languageName: unknown
  linkType: soft

"code-insider-test@workspace:.":
  version: 0.0.0-use.local
  resolution: "code-insider-test@workspace:."
  languageName: unknown
  linkType: soft
